
Microsoft Visual Studio Solution File, Format Version 12.00
# Visual Studio Version 16
VisualStudioVersion = 16.0.32413.511
MinimumVisualStudioVersion = 10.0.40219.1
Project("{FAE04EC0-301F-11D3-BF4B-00C04F79EFBC}") = "KHEL_KABADDI_KHEL", "KHEL_KABADDI_KHEL.csproj", "{B3FC37C5-8A41-4745-8E52-2905CA38DF36}"
EndProject
Global
	GlobalSection(SolutionConfigurationPlatforms) = preSolution
		Debug|Any CPU = Debug|Any CPU
		Release|Any CPU = Release|Any CPU
	EndGlobalSection
	GlobalSection(ProjectConfigurationPlatforms) = postSolution
		{B3FC37C5-8A41-4745-8E52-2905CA38DF36}.Debug|Any CPU.ActiveCfg = Debug|Any CPU
		{B3FC37C5-8A41-4745-8E52-2905CA38DF36}.Debug|Any CPU.Build.0 = Debug|Any CPU
		{B3FC37C5-8A41-4745-8E52-2905CA38DF36}.Release|Any CPU.ActiveCfg = Release|Any CPU
		{B3FC37C5-8A41-4745-8E52-2905CA38DF36}.Release|Any CPU.Build.0 = Release|Any CPU
	EndGlobalSection
	GlobalSection(SolutionProperties) = preSolution
		HideSolutionNode = FALSE
	EndGlobalSection
	GlobalSection(ExtensibilityGlobals) = postSolution
		SolutionGuid = {07D642C9-8664-4067-97CD-8DD0C6895D4C}
	EndGlobalSection
EndGlobal
